// !$*UTF8*$!
{
	archiveVersion = 1;
	classes = {
	};
	objectVersion = 56;
	objects = {

/* Begin PBXBuildFile section */
		D06286242B449E0A005D856D /* AppDelegate.swift in Sources */ = {isa = PBXBuildFile; fileRef = D06286232B449E0A005D856D /* AppDelegate.swift */; };
		D06286262B449E0A005D856D /* SceneDelegate.swift in Sources */ = {isa = PBXBuildFile; fileRef = D06286252B449E0A005D856D /* SceneDelegate.swift */; };
		D06286282B449E0A005D856D /* ViewController.swift in Sources */ = {isa = PBXBuildFile; fileRef = D06286272B449E0A005D856D /* ViewController.swift */; };
		D062862B2B449E0A005D856D /* Main.storyboard in Resources */ = {isa = PBXBuildFile; fileRef = D06286292B449E0A005D856D /* Main.storyboard */; };
		D062862D2B449E0B005D856D /* Assets.xcassets in Resources */ = {isa = PBXBuildFile; fileRef = D062862C2B449E0B005D856D /* Assets.xcassets */; };
		D06286302B449E0B005D856D /* LaunchScreen.storyboard in Resources */ = {isa = PBXBuildFile; fileRef = D062862E2B449E0B005D856D /* LaunchScreen.storyboard */; };
		D06286422B44C893005D856D /* Pods_Payment_Gatway.framework in Frameworks */ = {isa = PBXBuildFile; fileRef = B4282452B5E6F2D6CA4847B4 /* Pods_Payment_Gatway.framework */; };
		D06286432B44C893005D856D /* Pods_Payment_Gatway.framework in Embed Frameworks */ = {isa = PBXBuildFile; fileRef = B4282452B5E6F2D6CA4847B4 /* Pods_Payment_Gatway.framework */; settings = {ATTRIBUTES = (CodeSignOnCopy, RemoveHeadersOnCopy, ); }; };
/* End PBXBuildFile section */

/* Begin PBXCopyFilesBuildPhase section */
		D06286412B44C875005D856D /* Embed Frameworks */ = {
			isa = PBXCopyFilesBuildPhase;
			buildActionMask = 2147483647;
			dstPath = "";
			dstSubfolderSpec = 10;
			files = (
				D06286432B44C893005D856D /* Pods_Payment_Gatway.framework in Embed Frameworks */,
			);
			name = "Embed Frameworks";
			runOnlyForDeploymentPostprocessing = 0;
		};
/* End PBXCopyFilesBuildPhase section */

/* Begin PBXFileReference section */
		3AF9728071AB0E3F10541E9B /* Pods-Payment Gatway.release.xcconfig */ = {isa = PBXFileReference; includeInIndex = 1; lastKnownFileType = text.xcconfig; name = "Pods-Payment Gatway.release.xcconfig"; path = "Target Support Files/Pods-Payment Gatway/Pods-Payment Gatway.release.xcconfig"; sourceTree = "<group>"; };
		9DF78A38111F5C8475CC1B19 /* Pods-Payment Gatway.debug.xcconfig */ = {isa = PBXFileReference; includeInIndex = 1; lastKnownFileType = text.xcconfig; name = "Pods-Payment Gatway.debug.xcconfig"; path = "Target Support Files/Pods-Payment Gatway/Pods-Payment Gatway.debug.xcconfig"; sourceTree = "<group>"; };
		B4282452B5E6F2D6CA4847B4 /* Pods_Payment_Gatway.framework */ = {isa = PBXFileReference; explicitFileType = wrapper.framework; includeInIndex = 0; path = Pods_Payment_Gatway.framework; sourceTree = BUILT_PRODUCTS_DIR; };
		D06286202B449E0A005D856D /* Payment Gatway.app */ = {isa = PBXFileReference; explicitFileType = wrapper.application; includeInIndex = 0; path = "Payment Gatway.app"; sourceTree = BUILT_PRODUCTS_DIR; };
		D06286232B449E0A005D856D /* AppDelegate.swift */ = {isa = PBXFileReference; lastKnownFileType = sourcecode.swift; path = AppDelegate.swift; sourceTree = "<group>"; };
		D06286252B449E0A005D856D /* SceneDelegate.swift */ = {isa = PBXFileReference; lastKnownFileType = sourcecode.swift; path = SceneDelegate.swift; sourceTree = "<group>"; };
		D06286272B449E0A005D856D /* ViewController.swift */ = {isa = PBXFileReference; lastKnownFileType = sourcecode.swift; path = ViewController.swift; sourceTree = "<group>"; };
		D062862A2B449E0A005D856D /* Base */ = {isa = PBXFileReference; lastKnownFileType = file.storyboard; name = Base; path = Base.lproj/Main.storyboard; sourceTree = "<group>"; };
		D062862C2B449E0B005D856D /* Assets.xcassets */ = {isa = PBXFileReference; lastKnownFileType = folder.assetcatalog; path = Assets.xcassets; sourceTree = "<group>"; };
		D062862F2B449E0B005D856D /* Base */ = {isa = PBXFileReference; lastKnownFileType = file.storyboard; name = Base; path = Base.lproj/LaunchScreen.storyboard; sourceTree = "<group>"; };
		D06286312B449E0B005D856D /* Info.plist */ = {isa = PBXFileReference; lastKnownFileType = text.plist.xml; path = Info.plist; sourceTree = "<group>"; };
/* End PBXFileReference section */

/* Begin PBXFrameworksBuildPhase section */
		D062861D2B449E0A005D856D /* Frameworks */ = {
			isa = PBXFrameworksBuildPhase;
			buildActionMask = 2147483647;
			files = (
				D06286422B44C893005D856D /* Pods_Payment_Gatway.framework in Frameworks */,
			);
			runOnlyForDeploymentPostprocessing = 0;
		};
/* End PBXFrameworksBuildPhase section */

/* Begin PBXGroup section */
		7541B557A7C8AADD6D8487FB /* Pods */ = {
			isa = PBXGroup;
			children = (
				9DF78A38111F5C8475CC1B19 /* Pods-Payment Gatway.debug.xcconfig */,
				3AF9728071AB0E3F10541E9B /* Pods-Payment Gatway.release.xcconfig */,
			);
			path = Pods;
			sourceTree = "<group>";
		};
		D06286172B449E0A005D856D = {
			isa = PBXGroup;
			children = (
				D06286222B449E0A005D856D /* Payment Gatway */,
				D06286212B449E0A005D856D /* Products */,
				7541B557A7C8AADD6D8487FB /* Pods */,
				DC2BF621A901EBCB70444BB1 /* Frameworks */,
			);
			sourceTree = "<group>";
		};
		D06286212B449E0A005D856D /* Products */ = {
			isa = PBXGroup;
			children = (
				D06286202B449E0A005D856D /* Payment Gatway.app */,
			);
			name = Products;
			sourceTree = "<group>";
		};
		D06286222B449E0A005D856D /* Payment Gatway */ = {
			isa = PBXGroup;
			children = (
				D06286232B449E0A005D856D /* AppDelegate.swift */,
				D06286252B449E0A005D856D /* SceneDelegate.swift */,
				D06286272B449E0A005D856D /* ViewController.swift */,
				D06286292B449E0A005D856D /* Main.storyboard */,
				D062862C2B449E0B005D856D /* Assets.xcassets */,
				D062862E2B449E0B005D856D /* LaunchScreen.storyboard */,
				D06286312B449E0B005D856D /* Info.plist */,
			);
			path = "Payment Gatway";
			sourceTree = "<group>";
		};
		DC2BF621A901EBCB70444BB1 /* Frameworks */ = {
			isa = PBXGroup;
			children = (
				B4282452B5E6F2D6CA4847B4 /* Pods_Payment_Gatway.framework */,
			);
			name = Frameworks;
			sourceTree = "<group>";
		};
/* End PBXGroup section */

/* Begin PBXNativeTarget section */
		D062861F2B449E0A005D856D /* Payment Gatway */ = {
			isa = PBXNativeTarget;
			buildConfigurationList = D06286342B449E0B005D856D /* Build configuration list for PBXNativeTarget "Payment Gatway" */;
			buildPhases = (
				B1347CAFE706E0DC3229458C /* [CP] Check Pods Manifest.lock */,
				D062861C2B449E0A005D856D /* Sources */,
				D062861D2B449E0A005D856D /* Frameworks */,
				D062861E2B449E0A005D856D /* Resources */,
				53401F226D4BF6C5560952AB /* [CP] Embed Pods Frameworks */,
				D06286412B44C875005D856D /* Embed Frameworks */,
			);
			buildRules = (
			);
			dependencies = (
			);
			name = "Payment Gatway";
			productName = "Payment Gatway";
			productReference = D06286202B449E0A005D856D /* Payment Gatway.app */;
			productType = "com.apple.product-type.application";
		};
/* End PBXNativeTarget section */

/* Begin PBXProject section */
		D06286182B449E0A005D856D /* Project object */ = {
			isa = PBXProject;
			attributes = {
				BuildIndependentTargetsInParallel = 1;
				LastSwiftUpdateCheck = 1500;
				LastUpgradeCheck = 1500;
				TargetAttributes = {
					D062861F2B449E0A005D856D = {
						CreatedOnToolsVersion = 15.0.1;
					};
				};
			};
			buildConfigurationList = D062861B2B449E0A005D856D /* Build configuration list for PBXProject "Payment Gatway" */;
			compatibilityVersion = "Xcode 14.0";
			developmentRegion = en;
			hasScannedForEncodings = 0;
			knownRegions = (
				en,
				Base,
			);
			mainGroup = D06286172B449E0A005D856D;
			productRefGroup = D06286212B449E0A005D856D /* Products */;
			projectDirPath = "";
			projectRoot = "";
			targets = (
				D062861F2B449E0A005D856D /* Payment Gatway */,
			);
		};
/* End PBXProject section */

/* Begin PBXResourcesBuildPhase section */
		D062861E2B449E0A005D856D /* Resources */ = {
			isa = PBXResourcesBuildPhase;
			buildActionMask = 2147483647;
			files = (
				D06286302B449E0B005D856D /* LaunchScreen.storyboard in Resources */,
				D062862D2B449E0B005D856D /* Assets.xcassets in Resources */,
				D062862B2B449E0A005D856D /* Main.storyboard in Resources */,
			);
			runOnlyForDeploymentPostprocessing = 0;
		};
/* End PBXResourcesBuildPhase section */

/* Begin PBXShellScriptBuildPhase section */
		53401F226D4BF6C5560952AB /* [CP] Embed Pods Frameworks */ = {
			isa = PBXShellScriptBuildPhase;
			buildActionMask = 2147483647;
			files = (
			);
			inputFileListPaths = (
				"${PODS_ROOT}/Target Support Files/Pods-Payment Gatway/Pods-Payment Gatway-frameworks-${CONFIGURATION}-input-files.xcfilelist",
			);
			name = "[CP] Embed Pods Frameworks";
			outputFileListPaths = (
				"${PODS_ROOT}/Target Support Files/Pods-Payment Gatway/Pods-Payment Gatway-frameworks-${CONFIGURATION}-output-files.xcfilelist",
			);
			runOnlyForDeploymentPostprocessing = 0;
			shellPath = /bin/sh;
			shellScript = "\"${PODS_ROOT}/Target Support Files/Pods-Payment Gatway/Pods-Payment Gatway-frameworks.sh\"\n";
			showEnvVarsInLog = 0;
		};
		B1347CAFE706E0DC3229458C /* [CP] Check Pods Manifest.lock */ = {
			isa = PBXShellScriptBuildPhase;
			buildActionMask = 2147483647;
			files = (
			);
			inputFileListPaths = (
			);
			inputPaths = (
				"${PODS_PODFILE_DIR_PATH}/Podfile.lock",
				"${PODS_ROOT}/Manifest.lock",
			);
			name = "[CP] Check Pods Manifest.lock";
			outputFileListPaths = (
			);
			outputPaths = (
				"$(DERIVED_FILE_DIR)/Pods-Payment Gatway-checkManifestLockResult.txt",
			);
			runOnlyForDeploymentPostprocessing = 0;
			shellPath = /bin/sh;
			shellScript = "diff \"${PODS_PODFILE_DIR_PATH}/Podfile.lock\" \"${PODS_ROOT}/Manifest.lock\" > /dev/null\nif [ $? != 0 ] ; then\n    # print error to STDERR\n    echo \"error: The sandbox is not in sync with the Podfile.lock. Run 'pod install' or update your CocoaPods installation.\" >&2\n    exit 1\nfi\n# This output is used by Xcode 'outputs' to avoid re-running this script phase.\necho \"SUCCESS\" > \"${SCRIPT_OUTPUT_FILE_0}\"\n";
			showEnvVarsInLog = 0;
		};
/* End PBXShellScriptBuildPhase section */

/* Begin PBXSourcesBuildPhase section */
		D062861C2B449E0A005D856D /* Sources */ = {
			isa = PBXSourcesBuildPhase;
			buildActionMask = 2147483647;
			files = (
				D06286282B449E0A005D856D /* ViewController.swift in Sources */,
				D06286242B449E0A005D856D /* AppDelegate.swift in Sources */,
				D06286262B449E0A005D856D /* SceneDelegate.swift in Sources */,
			);
			runOnlyForDeploymentPostprocessing = 0;
		};
/* End PBXSourcesBuildPhase section */

/* Begin PBXVariantGroup section */
		D06286292B449E0A005D856D /* Main.storyboard */ = {
			isa = PBXVariantGroup;
			children = (
				D062862A2B449E0A005D856D /* Base */,
			);
			name = Main.storyboard;
			sourceTree = "<group>";
		};
		D062862E2B449E0B005D856D /* LaunchScreen.storyboard */ = {
			isa = PBXVariantGroup;
			children = (
				D062862F2B449E0B005D856D /* Base */,
			);
			name = LaunchScreen.storyboard;
			sourceTree = "<group>";
		};
/* End PBXVariantGroup section */

/* Begin XCBuildConfiguration section */
		D06286322B449E0B005D856D /* Debug */ = {
			isa = XCBuildConfiguration;
			buildSettings = {
				ALWAYS_SEARCH_USER_PATHS = NO;
				ASSETCATALOG_COMPILER_GENERATE_SWIFT_ASSET_SYMBOL_EXTENSIONS = YES;
				CLANG_ANALYZER_NONNULL = YES;
				CLANG_ANALYZER_NUMBER_OBJECT_CONVERSION = YES_AGGRESSIVE;
				CLANG_CXX_LANGUAGE_STANDARD = "gnu++20";
				CLANG_ENABLE_MODULES = YES;
				CLANG_ENABLE_OBJC_ARC = YES;
				CLANG_ENABLE_OBJC_WEAK = YES;
				CLANG_WARN_BLOCK_CAPTURE_AUTORELEASING = YES;
				CLANG_WARN_BOOL_CONVERSION = YES;
				CLANG_WARN_COMMA = YES;
				CLANG_WARN_CONSTANT_CONVERSION = YES;
				CLANG_WARN_DEPRECATED_OBJC_IMPLEMENTATIONS = YES;
				CLANG_WARN_DIRECT_OBJC_ISA_USAGE = YES_ERROR;
				CLANG_WARN_DOCUMENTATION_COMMENTS = YES;
				CLANG_WARN_EMPTY_BODY = YES;
				CLANG_WARN_ENUM_CONVERSION = YES;
				CLANG_WARN_INFINITE_RECURSION = YES;
				CLANG_WARN_INT_CONVERSION = YES;
				CLANG_WARN_NON_LITERAL_NULL_CONVERSION = YES;
				CLANG_WARN_OBJC_IMPLICIT_RETAIN_SELF = YES;
				CLANG_WARN_OBJC_LITERAL_CONVERSION = YES;
				CLANG_WARN_OBJC_ROOT_CLASS = YES_ERROR;
				CLANG_WARN_QUOTED_INCLUDE_IN_FRAMEWORK_HEADER = YES;
				CLANG_WARN_RANGE_LOOP_ANALYSIS = YES;
				CLANG_WARN_STRICT_PROTOTYPES = YES;
				CLANG_WARN_SUSPICIOUS_MOVE = YES;
				CLANG_WARN_UNGUARDED_AVAILABILITY = YES_AGGRESSIVE;
				CLANG_WARN_UNREACHABLE_CODE = YES;
				CLANG_WARN__DUPLICATE_METHOD_MATCH = YES;
				COPY_PHASE_STRIP = NO;
				DEBUG_INFORMATION_FORMAT = dwarf;
				ENABLE_STRICT_OBJC_MSGSEND = YES;
				ENABLE_TESTABILITY = YES;
				ENABLE_USER_SCRIPT_SANDBOXING = YES;
				GCC_C_LANGUAGE_STANDARD = gnu17;
				GCC_DYNAMIC_NO_PIC = NO;
				GCC_NO_COMMON_BLOCKS = YES;
				GCC_OPTIMIZATION_LEVEL = 0;
				GCC_PREPROCESSOR_DEFINITIONS = (
					"DEBUG=1",
					"$(inherited)",
				);
				GCC_WARN_64_TO_32_BIT_CONVERSION = YES;
				GCC_WARN_ABOUT_RETURN_TYPE = YES_ERROR;
				GCC_WARN_UNDECLARED_SELECTOR = YES;
				GCC_WARN_UNINITIALIZED_AUTOS = YES_AGGRESSIVE;
				GCC_WARN_UNUSED_FUNCTION = YES;
				GCC_WARN_UNUSED_VARIABLE = YES;
				IPHONEOS_DEPLOYMENT_TARGET = 17.0;
				LOCALIZATION_PREFERS_STRING_CATALOGS = YES;
				MTL_ENABLE_DEBUG_INFO = INCLUDE_SOURCE;
				MTL_FAST_MATH = YES;
				ONLY_ACTIVE_ARCH = YES;
				SDKROOT = iphoneos;
				SWIFT_ACTIVE_COMPILATION_CONDITIONS = "DEBUG $(inherited)";
				SWIFT_OPTIMIZATION_LEVEL = "-Onone";
			};
			name = Debug;
		};
		D06286332B449E0B005D856D /* Release */ = {
			isa = XCBuildConfiguration;
			buildSettings = {
				ALWAYS_SEARCH_USER_PATHS = NO;
				ASSETCATALOG_COMPILER_GENERATE_SWIFT_ASSET_SYMBOL_EXTENSIONS = YES;
				CLANG_ANALYZER_NONNULL = YES;
				CLANG_ANALYZER_NUMBER_OBJECT_CONVERSION = YES_AGGRESSIVE;
				CLANG_CXX_LANGUAGE_STANDARD = "gnu++20";
				CLANG_ENABLE_MODULES = YES;
				CLANG_ENABLE_OBJC_ARC = YES;
				CLANG_ENABLE_OBJC_WEAK = YES;
				CLANG_WARN_BLOCK_CAPTURE_AUTORELEASING = YES;
				CLANG_WARN_BOOL_CONVERSION = YES;
				CLANG_WARN_COMMA = YES;
				CLANG_WARN_CONSTANT_CONVERSION = YES;
				CLANG_WARN_DEPRECATED_OBJC_IMPLEMENTATIONS = YES;
				CLANG_WARN_DIRECT_OBJC_ISA_USAGE = YES_ERROR;
				CLANG_WARN_DOCUMENTATION_COMMENTS = YES;
				CLANG_WARN_EMPTY_BODY = YES;
				CLANG_WARN_ENUM_CONVERSION = YES;
				CLANG_WARN_INFINITE_RECURSION = YES;
				CLANG_WARN_INT_CONVERSION = YES;
				CLANG_WARN_NON_LITERAL_NULL_CONVERSION = YES;
				CLANG_WARN_OBJC_IMPLICIT_RETAIN_SELF = YES;
				CLANG_WARN_OBJC_LITERAL_CONVERSION = YES;
				CLANG_WARN_OBJC_ROOT_CLASS = YES_ERROR;
				CLANG_WARN_QUOTED_INCLUDE_IN_FRAMEWORK_HEADER = YES;
				CLANG_WARN_RANGE_LOOP_ANALYSIS = YES;
				CLANG_WARN_STRICT_PROTOTYPES = YES;
				CLANG_WARN_SUSPICIOUS_MOVE = YES;
				CLANG_WARN_UNGUARDED_AVAILABILITY = YES_AGGRESSIVE;
				CLANG_WARN_UNREACHABLE_CODE = YES;
				CLANG_WARN__DUPLICATE_METHOD_MATCH = YES;
				COPY_PHASE_STRIP = NO;
				DEBUG_INFORMATION_FORMAT = "dwarf-with-dsym";
				ENABLE_NS_ASSERTIONS = NO;
				ENABLE_STRICT_OBJC_MSGSEND = YES;
				ENABLE_USER_SCRIPT_SANDBOXING = YES;
				GCC_C_LANGUAGE_STANDARD = gnu17;
				GCC_NO_COMMON_BLOCKS = YES;
				GCC_WARN_64_TO_32_BIT_CONVERSION = YES;
				GCC_WARN_ABOUT_RETURN_TYPE = YES_ERROR;
				GCC_WARN_UNDECLARED_SELECTOR = YES;
				GCC_WARN_UNINITIALIZED_AUTOS = YES_AGGRESSIVE;
				GCC_WARN_UNUSED_FUNCTION = YES;
				GCC_WARN_UNUSED_VARIABLE = YES;
				IPHONEOS_DEPLOYMENT_TARGET = 17.0;
				LOCALIZATION_PREFERS_STRING_CATALOGS = YES;
				MTL_ENABLE_DEBUG_INFO = NO;
				MTL_FAST_MATH = YES;
				SDKROOT = iphoneos;
				SWIFT_COMPILATION_MODE = wholemodule;
				VALIDATE_PRODUCT = YES;
			};
			name = Release;
		};
		D06286352B449E0B005D856D /* Debug */ = {
			isa = XCBuildConfiguration;
			baseConfigurationReference = 9DF78A38111F5C8475CC1B19 /* Pods-Payment Gatway.debug.xcconfig */;
			buildSettings = {
				ASSETCATALOG_COMPILER_APPICON_NAME = AppIcon;
				ASSETCATALOG_COMPILER_GLOBAL_ACCENT_COLOR_NAME = AccentColor;
				CODE_SIGN_STYLE = Automatic;
				CURRENT_PROJECT_VERSION = 1;
				DEVELOPMENT_TEAM = 52Z33CLRP3;
				ENABLE_USER_SCRIPT_SANDBOXING = NO;
				FRAMEWORK_SEARCH_PATHS = (
					"$(inherited)",
					"$(PROJECT_DIR)",
				);
				GENERATE_INFOPLIST_FILE = YES;
				INFOPLIST_FILE = "Payment Gatway/Info.plist";
				INFOPLIST_KEY_UIApplicationSupportsIndirectInputEvents = YES;
				INFOPLIST_KEY_UILaunchStoryboardName = LaunchScreen;
				INFOPLIST_KEY_UIMainStoryboardFile = Main;
				INFOPLIST_KEY_UIRequiresFullScreen = YES;
				INFOPLIST_KEY_UISupportedInterfaceOrientations = UIInterfaceOrientationPortrait;
				IPHONEOS_DEPLOYMENT_TARGET = 17.0;
				LD_RUNPATH_SEARCH_PATHS = (
					"$(inherited)",
					"@executable_path/Frameworks",
				);
				MARKETING_VERSION = 1.0;
				PRODUCT_BUNDLE_IDENTIFIER = "com.Payment.-PaymentGatway.Payment-Gatway";
				PRODUCT_NAME = "$(TARGET_NAME)";
				SWIFT_EMIT_LOC_STRINGS = YES;
				SWIFT_VERSION = 5.0;
				TARGETED_DEVICE_FAMILY = "1,2";
			};
			name = Debug;
		};
		D06286362B449E0B005D856D /* Release */ = {
			isa = XCBuildConfiguration;
			baseConfigurationReference = 3AF9728071AB0E3F10541E9B /* Pods-Payment Gatway.release.xcconfig */;
			buildSettings = {
				ASSETCATALOG_COMPILER_APPICON_NAME = AppIcon;
				ASSETCATALOG_COMPILER_GLOBAL_ACCENT_COLOR_NAME = AccentColor;
				CODE_SIGN_STYLE = Automatic;
				CURRENT_PROJECT_VERSION = 1;
				DEVELOPMENT_TEAM = 52Z33CLRP3;
				ENABLE_USER_SCRIPT_SANDBOXING = NO;
				FRAMEWORK_SEARCH_PATHS = (
					"$(inherited)",
					"$(PROJECT_DIR)",
				);
				GENERATE_INFOPLIST_FILE = YES;
				INFOPLIST_FILE = "Payment Gatway/Info.plist";
				INFOPLIST_KEY_UIApplicationSupportsIndirectInputEvents = YES;
				INFOPLIST_KEY_UILaunchStoryboardName = LaunchScreen;
				INFOPLIST_KEY_UIMainStoryboardFile = Main;
				INFOPLIST_KEY_UIRequiresFullScreen = YES;
				INFOPLIST_KEY_UISupportedInterfaceOrientations = UIInterfaceOrientationPortrait;
				IPHONEOS_DEPLOYMENT_TARGET = 17.0;
				LD_RUNPATH_SEARCH_PATHS = (
					"$(inherited)",
					"@executable_path/Frameworks",
				);
				MARKETING_VERSION = 1.0;
				PRODUCT_BUNDLE_IDENTIFIER = "com.Payment.-PaymentGatway.Payment-Gatway";
				PRODUCT_NAME = "$(TARGET_NAME)";
				SWIFT_EMIT_LOC_STRINGS = YES;
				SWIFT_VERSION = 5.0;
				TARGETED_DEVICE_FAMILY = "1,2";
			};
			name = Release;
		};
/* End XCBuildConfiguration section */

/* Begin XCConfigurationList section */
		D062861B2B449E0A005D856D /* Build configuration list for PBXProject "Payment Gatway" */ = {
			isa = XCConfigurationList;
			buildConfigurations = (
				D06286322B449E0B005D856D /* Debug */,
				D06286332B449E0B005D856D /* Release */,
			);
			defaultConfigurationIsVisible = 0;
			defaultConfigurationName = Release;
		};
		D06286342B449E0B005D856D /* Build configuration list for PBXNativeTarget "Payment Gatway" */ = {
			isa = XCConfigurationList;
			buildConfigurations = (
				D06286352B449E0B005D856D /* Debug */,
				D06286362B449E0B005D856D /* Release */,
			);
			defaultConfigurationIsVisible = 0;
			defaultConfigurationName = Release;
		};
/* End XCConfigurationList section */
	};
	rootObject = D06286182B449E0A005D856D /* Project object */;
}
